
Microsoft Visual Studio Solution File, Format Version 12.00
# Visual Studio Version 16
VisualStudioVersion = 16.0.34407.143
MinimumVisualStudioVersion = 10.0.40219.1
Project("{FAE04EC0-301F-11D3-BF4B-00C04F79EFBC}") = "CrackMe", "CrackMe\CrackMe.csproj", "{0C700523-85A6-4595-B642-DF7DDE46C2E4}"
EndProject
Global
	GlobalSection(SolutionConfigurationPlatforms) = preSolution
		Debug|Any CPU = Debug|Any CPU
		Release|Any CPU = Release|Any CPU
	EndGlobalSection
	GlobalSection(ProjectConfigurationPlatforms) = postSolution
		{0C700523-85A6-4595-B642-DF7DDE46C2E4}.Debug|Any CPU.ActiveCfg = Debug|Any CPU
		{0C700523-85A6-4595-B642-DF7DDE46C2E4}.Debug|Any CPU.Build.0 = Debug|Any CPU
		{0C700523-85A6-4595-B642-DF7DDE46C2E4}.Release|Any CPU.ActiveCfg = Release|Any CPU
		{0C700523-85A6-4595-B642-DF7DDE46C2E4}.Release|Any CPU.Build.0 = Release|Any CPU
	EndGlobalSection
	GlobalSection(SolutionProperties) = preSolution
		HideSolutionNode = FALSE
	EndGlobalSection
	GlobalSection(ExtensibilityGlobals) = postSolution
		SolutionGuid = {9D92A7D9-889B-42E1-903D-5AC4E320C45E}
	EndGlobalSection
EndGlobal
